Microsoft Visual Studio Solution File, Format Version 12.00
# Visual Studio Version 17
VisualStudioVersion = 17.5.2.0
MinimumVisualStudioVersion = 10.0.40219.1
Project("{FAE04EC0-301F-11D3-BF4B-00C04F79EFBC}") = "simpledotnet", "simpledotnet.csproj", "{EEA5DFD7-F780-32A6-692B-8ABA903EF242}"
EndProject
Global
	GlobalSection(SolutionConfigurationPlatforms) = preSolution
		Debug|Any CPU = Debug|Any CPU
		Release|Any CPU = Release|Any CPU
	EndGlobalSection
	GlobalSection(ProjectConfigurationPlatforms) = postSolution
		{EEA5DFD7-F780-32A6-692B-8ABA903EF242}.Debug|Any CPU.ActiveCfg = Debug|Any CPU
		{EEA5DFD7-F780-32A6-692B-8ABA903EF242}.Debug|Any CPU.Build.0 = Debug|Any CPU
		{EEA5DFD7-F780-32A6-692B-8ABA903EF242}.Release|Any CPU.ActiveCfg = Release|Any CPU
		{EEA5DFD7-F780-32A6-692B-8ABA903EF242}.Release|Any CPU.Build.0 = Release|Any CPU
	EndGlobalSection
	GlobalSection(SolutionProperties) = preSolution
		HideSolutionNode = FALSE
	EndGlobalSection
	GlobalSection(ExtensibilityGlobals) = postSolution
		SolutionGuid = {5D8F28AB-6B40-445D-843B-7D8C8C3ACCA7}
	EndGlobalSection
EndGlobal
